
Microsoft Visual Studio Solution File, Format Version 11.00
# Visual C# Express 2010
Project("{FAE04EC0-301F-11D3-BF4B-00C04F79EFBC}") = "Bouncing Bravery", "Bouncing Bravery\Bouncing Bravery\Bouncing Bravery.csproj", "{6DC3BF5E-BA8F-4819-B0AB-6616C3486DF7}"
EndProject
Project("{96E2B04D-8817-42C6-938A-82C39BA4D311}") = "Bouncing BraveryContent", "Bouncing Bravery\Bouncing BraveryContent\Bouncing BraveryContent.contentproj", "{5B3AA819-439C-42A4-A680-47C3E67D3048}"
EndProject
Global
	GlobalSection(SolutionConfigurationPlatforms) = preSolution
		Debug|x86 = Debug|x86
		Release|x86 = Release|x86
	EndGlobalSection
	GlobalSection(ProjectConfigurationPlatforms) = postSolution
		{6DC3BF5E-BA8F-4819-B0AB-6616C3486DF7}.Debug|x86.ActiveCfg = Debug|x86
		{6DC3BF5E-BA8F-4819-B0AB-6616C3486DF7}.Debug|x86.Build.0 = Debug|x86
		{6DC3BF5E-BA8F-4819-B0AB-6616C3486DF7}.Release|x86.ActiveCfg = Release|x86
		{6DC3BF5E-BA8F-4819-B0AB-6616C3486DF7}.Release|x86.Build.0 = Release|x86
		{5B3AA819-439C-42A4-A680-47C3E67D3048}.Debug|x86.ActiveCfg = Debug|x86
		{5B3AA819-439C-42A4-A680-47C3E67D3048}.Release|x86.ActiveCfg = Release|x86
	EndGlobalSection
	GlobalSection(SolutionProperties) = preSolution
		HideSolutionNode = FALSE
	EndGlobalSection
EndGlobal
